
Microsoft Visual Studio Solution File, Format Version 12.00
# Visual Studio Version 17
VisualStudioVersion = 17.8.34330.188
MinimumVisualStudioVersion = 10.0.40219.1
Project("{FAE04EC0-301F-11D3-BF4B-00C04F79EFBC}") = "calculadora", "calculadora\calculadora.csproj", "{A22F37F6-6367-4AA6-B274-5EEA8670A987}"
EndProject
Global
	GlobalSection(SolutionConfigurationPlatforms) = preSolution
		Debug|Any CPU = Debug|Any CPU
		Release|Any CPU = Release|Any CPU
	EndGlobalSection
	GlobalSection(ProjectConfigurationPlatforms) = postSolution
		{A22F37F6-6367-4AA6-B274-5EEA8670A987}.Debug|Any CPU.ActiveCfg = Debug|Any CPU
		{A22F37F6-6367-4AA6-B274-5EEA8670A987}.Debug|Any CPU.Build.0 = Debug|Any CPU
		{A22F37F6-6367-4AA6-B274-5EEA8670A987}.Release|Any CPU.ActiveCfg = Release|Any CPU
		{A22F37F6-6367-4AA6-B274-5EEA8670A987}.Release|Any CPU.Build.0 = Release|Any CPU
	EndGlobalSection
	GlobalSection(SolutionProperties) = preSolution
		HideSolutionNode = FALSE
	EndGlobalSection
	GlobalSection(ExtensibilityGlobals) = postSolution
		SolutionGuid = {75748782-2CE1-41C8-8839-68CA36CA3DF5}
	EndGlobalSection
EndGlobal
